{
    "_readme": [
        "This file locks the dependencies of your project to a known state",
        "Read more about it at https://getcomposer.org/doc/01-basic-usage.md#installing-dependencies",
        "This file is @generated automatically"
    ],
    "content-hash": "5df3dd1d7c810faa4a7c3d023d24bd35",
    "packages": [
        {
            "name": "composer/xdebug-handler",
            "version": "1.4.0",
            "source": {
                "type": "git",
                "url": "https://github.com/composer/xdebug-handler.git",
                "reference": "cbe23383749496fe0f373345208b79568e4bc248"
            },
            "dist": {
                "type": "zip",
                "url": "https://api.github.com/repos/composer/xdebug-handler/zipball/cbe23383749496fe0f373345208b79568e4bc248",
                "reference": "cbe23383749496fe0f373345208b79568e4bc248",
                "shasum": ""
            },
            "require": {
                "php": "^5.3.2 || ^7.0 || ^8.0",
                "psr/log": "^1.0"
            },
            "require-dev": {
                "phpunit/phpunit": "^4.8.35 || ^5.7 || 6.5 - 8"
            },
            "type": "library",
            "autoload": {
                "psr-4": {
                    "Composer\\XdebugHandler\\": "src"
                }
            },
            "notification-url": "https://packagist.org/downloads/",
            "license": [
                "MIT"
            ],
            "authors": [
                {
                    "name": "John Stevenson",
                    "email": "john-stevenson@blueyonder.co.uk"
                }
            ],
            "description": "Restarts a process without Xdebug.",
            "keywords": [
                "Xdebug",
                "performance"
            ],
            "support": {
                "irc": "irc://irc.freenode.org/composer",
                "issues": "https://github.com/composer/xdebug-handler/issues",
                "source": "https://github.com/composer/xdebug-handler/tree/1.4.0"
            },
            "time": "2019-11-06T16:40:04+00:00"
        },
        {
            "name": "psr/log",
            "version": "1.0.0",
            "source": {
                "type": "git",
                "url": "https://github.com/php-fig/log.git",
                "reference": "fe0936ee26643249e916849d48e3a51d5f5e278b"
            },
            "dist": {
                "type": "zip",
                "url": "https://api.github.com/repos/php-fig/log/zipball/fe0936ee26643249e916849d48e3a51d5f5e278b",
                "reference": "fe0936ee26643249e916849d48e3a51d5f5e278b",
                "shasum": ""
            },
            "type": "library",
            "autoload": {
                "psr-0": {
                    "Psr\\Log\\": ""
                }
            },
            "notification-url": "https://packagist.org/downloads/",
            "license": [
                "MIT"
            ],
            "authors": [
                {
                    "name": "PHP-FIG",
                    "homepage": "http://www.php-fig.org/"
                }
            ],
            "description": "Common interface for logging libraries",
            "keywords": [
                "log",
                "psr",
                "psr-3"
            ],
            "support": {
                "issues": "https://github.com/php-fig/log/issues",
                "source": "https://github.com/php-fig/log/tree/1.0.0"
            },
            "time": "2012-12-21T11:40:51+00:00"
        },
        {
            "name": "webflo/drupal-finder",
            "version": "1.0.0",
            "source": {
                "type": "git",
                "url": "https://github.com/webflo/drupal-finder.git",
                "reference": "3216448cc347bc77127fa3bf6497ba9b3c296e9c"
            },
            "dist": {
                "type": "zip",
                "url": "https://api.github.com/repos/webflo/drupal-finder/zipball/3216448cc347bc77127fa3bf6497ba9b3c296e9c",
                "reference": "3216448cc347bc77127fa3bf6497ba9b3c296e9c",
                "shasum": ""
            },
            "require-dev": {
                "mikey179/vfsstream": "^1.6",
                "phpunit/phpunit": "^4.8"
            },
            "type": "library",
            "autoload": {
                "classmap": [
                    "src/DrupalFinder.php"
                ]
            },
            "notification-url": "https://packagist.org/downloads/",
            "license": [
                "GPL-2.0+"
            ],
            "authors": [
                {
                    "name": "Florian Weber",
                    "email": "florian@webflo.org"
                }
            ],
            "description": "Helper class to locate a Drupal installation from a given path.",
            "support": {
                "issues": "https://github.com/webflo/drupal-finder/issues",
                "source": "https://github.com/webflo/drupal-finder/tree/master"
            },
            "time": "2017-08-08T08:31:26+00:00"
        },
        {
            "name": "webmozart/assert",
            "version": "1.0.0",
            "source": {
                "type": "git",
                "url": "https://github.com/webmozarts/assert.git",
                "reference": "3371442b05531d8490d0b51b90b55e61948b0f10"
            },
            "dist": {
                "type": "zip",
                "url": "https://api.github.com/repos/webmozarts/assert/zipball/3371442b05531d8490d0b51b90b55e61948b0f10",
                "reference": "3371442b05531d8490d0b51b90b55e61948b0f10",
                "shasum": ""
            },
            "require": {
                "php": ">=5.3.9"
            },
            "type": "library",
            "extra": {
                "branch-alias": {
                    "dev-master": "2.0-dev"
                }
            },
            "autoload": {
                "psr-4": {
                    "Webmozart\\Assert\\": "src/"
                }
            },
            "notification-url": "https://packagist.org/downloads/",
            "license": [
                "MIT"
            ],
            "authors": [
                {
                    "name": "Bernhard Schussek",
                    "email": "bschussek@gmail.com"
                }
            ],
            "description": "Efficient assertions to validate the input/output of your methods.",
            "keywords": [
                "assert",
                "check",
                "validate"
            ],
            "support": {
                "issues": "https://github.com/webmozarts/assert/issues",
                "source": "https://github.com/webmozarts/assert/tree/1.0.0"
            },
            "time": "2015-05-12T12:40:29+00:00"
        },
        {
            "name": "webmozart/path-util",
            "version": "2.3.0",
            "source": {
                "type": "git",
                "url": "https://github.com/webmozart/path-util.git",
                "reference": "d939f7edc24c9a1bb9c0dee5cb05d8e859490725"
            },
            "dist": {
                "type": "zip",
                "url": "https://api.github.com/repos/webmozart/path-util/zipball/d939f7edc24c9a1bb9c0dee5cb05d8e859490725",
                "reference": "d939f7edc24c9a1bb9c0dee5cb05d8e859490725",
                "shasum": ""
            },
            "require": {
                "php": ">=5.3.3",
                "webmozart/assert": "~1.0"
            },
            "require-dev": {
                "phpunit/phpunit": "^4.6",
                "sebastian/version": "^1.0.1"
            },
            "type": "library",
            "extra": {
                "branch-alias": {
                    "dev-master": "2.3-dev"
                }
            },
            "autoload": {
                "psr-4": {
                    "Webmozart\\PathUtil\\": "src/"
                }
            },
            "notification-url": "https://packagist.org/downloads/",
            "license": [
                "MIT"
            ],
            "authors": [
                {
                    "name": "Bernhard Schussek",
                    "email": "bschussek@gmail.com"
                }
            ],
            "description": "A robust cross-platform utility for normalizing, comparing and modifying file paths.",
            "support": {
                "issues": "https://github.com/webmozart/path-util/issues",
                "source": "https://github.com/webmozart/path-util/tree/2.3.0"
            },
            "abandoned": "symfony/filesystem",
            "time": "2015-12-17T08:42:14+00:00"
        }
    ],
    "packages-dev": [],
    "aliases": [],
    "minimum-stability": "stable",
    "stability-flags": [],
    "prefer-stable": false,
    "prefer-lowest": true,
    "platform": [],
    "platform-dev": [],
    "plugin-api-version": "2.3.0"
}
